
Microsoft Visual Studio Solution File, Format Version 12.00
Project("{FAE04EC0-301F-11D3-BF4B-00C04F79EFBC}") = "Barrel", "Barrel\Barrel.csproj", "{7DDEAA02-4017-4A9D-AD00-F3B24BB621DB}"
EndProject
Project("{FAE04EC0-301F-11D3-BF4B-00C04F79EFBC}") = "BarrelTest", "BarrelTest\BarrelTest.csproj", "{277347B0-C0FD-47DC-A639-6EE1ABCE1619}"
EndProject
Project("{2150E333-8FDC-42A3-9474-1A3956D46DE8}") = "Samples", "Samples", "{B83300FF-1128-4F5B-B4B5-9660B5F6D533}"
EndProject
Project("{FAE04EC0-301F-11D3-BF4B-00C04F79EFBC}") = "PonctualJobs", "Samples\PonctualJobs\PonctualJobs.csproj", "{359CC214-32F4-4B15-B253-0BA1E00E4664}"
EndProject
Project("{FAE04EC0-301F-11D3-BF4B-00C04F79EFBC}") = "CalendarJobs", "Samples\CalendarJobs\CalendarJobs.csproj", "{556B5D68-2A8A-450F-9117-A409AA1C75B0}"
EndProject
Project("{FAE04EC0-301F-11D3-BF4B-00C04F79EFBC}") = "RecurrentJobs", "Samples\RecurrentJobs\RecurrentJobs.csproj", "{6823F2CB-DC4E-429A-9FA3-CA2B020B7AE7}"
EndProject
Project("{FAE04EC0-301F-11D3-BF4B-00C04F79EFBC}") = "SchedulerConfiguration", "Samples\SchedulerConfiguration\SchedulerConfiguration.csproj", "{944B7A95-0DFA-4B2E-8911-DC338420D3CF}"
EndProject
Project("{FAE04EC0-301F-11D3-BF4B-00C04F79EFBC}") = "PrioritizedJobs", "Samples\PrioritizedJobs\PrioritizedJobs.csproj", "{0293001D-F6A7-429A-97CA-5BE63F3AA0B0}"
EndProject
Project("{FAE04EC0-301F-11D3-BF4B-00C04F79EFBC}") = "DependencyInjection", "Samples\DependencyInjection\DependencyInjection.csproj", "{51DFF10C-56B1-4AEF-9F13-65BC9E423B5F}"
EndProject
Global
	GlobalSection(SolutionConfigurationPlatforms) = preSolution
		Debug|Any CPU = Debug|Any CPU
		Release|Any CPU = Release|Any CPU
	EndGlobalSection
	GlobalSection(ProjectConfigurationPlatforms) = postSolution
		{7DDEAA02-4017-4A9D-AD00-F3B24BB621DB}.Debug|Any CPU.ActiveCfg = Debug|Any CPU
		{7DDEAA02-4017-4A9D-AD00-F3B24BB621DB}.Debug|Any CPU.Build.0 = Debug|Any CPU
		{7DDEAA02-4017-4A9D-AD00-F3B24BB621DB}.Release|Any CPU.ActiveCfg = Release|Any CPU
		{7DDEAA02-4017-4A9D-AD00-F3B24BB621DB}.Release|Any CPU.Build.0 = Release|Any CPU
		{277347B0-C0FD-47DC-A639-6EE1ABCE1619}.Debug|Any CPU.ActiveCfg = Debug|Any CPU
		{277347B0-C0FD-47DC-A639-6EE1ABCE1619}.Debug|Any CPU.Build.0 = Debug|Any CPU
		{277347B0-C0FD-47DC-A639-6EE1ABCE1619}.Release|Any CPU.ActiveCfg = Release|Any CPU
		{277347B0-C0FD-47DC-A639-6EE1ABCE1619}.Release|Any CPU.Build.0 = Release|Any CPU
		{359CC214-32F4-4B15-B253-0BA1E00E4664}.Debug|Any CPU.ActiveCfg = Debug|Any CPU
		{359CC214-32F4-4B15-B253-0BA1E00E4664}.Debug|Any CPU.Build.0 = Debug|Any CPU
		{359CC214-32F4-4B15-B253-0BA1E00E4664}.Release|Any CPU.ActiveCfg = Release|Any CPU
		{359CC214-32F4-4B15-B253-0BA1E00E4664}.Release|Any CPU.Build.0 = Release|Any CPU
		{556B5D68-2A8A-450F-9117-A409AA1C75B0}.Debug|Any CPU.ActiveCfg = Debug|Any CPU
		{556B5D68-2A8A-450F-9117-A409AA1C75B0}.Debug|Any CPU.Build.0 = Debug|Any CPU
		{556B5D68-2A8A-450F-9117-A409AA1C75B0}.Release|Any CPU.ActiveCfg = Release|Any CPU
		{556B5D68-2A8A-450F-9117-A409AA1C75B0}.Release|Any CPU.Build.0 = Release|Any CPU
		{6823F2CB-DC4E-429A-9FA3-CA2B020B7AE7}.Debug|Any CPU.ActiveCfg = Debug|Any CPU
		{6823F2CB-DC4E-429A-9FA3-CA2B020B7AE7}.Debug|Any CPU.Build.0 = Debug|Any CPU
		{6823F2CB-DC4E-429A-9FA3-CA2B020B7AE7}.Release|Any CPU.ActiveCfg = Release|Any CPU
		{6823F2CB-DC4E-429A-9FA3-CA2B020B7AE7}.Release|Any CPU.Build.0 = Release|Any CPU
		{944B7A95-0DFA-4B2E-8911-DC338420D3CF}.Debug|Any CPU.ActiveCfg = Debug|Any CPU
		{944B7A95-0DFA-4B2E-8911-DC338420D3CF}.Debug|Any CPU.Build.0 = Debug|Any CPU
		{944B7A95-0DFA-4B2E-8911-DC338420D3CF}.Release|Any CPU.ActiveCfg = Release|Any CPU
		{944B7A95-0DFA-4B2E-8911-DC338420D3CF}.Release|Any CPU.Build.0 = Release|Any CPU
		{0293001D-F6A7-429A-97CA-5BE63F3AA0B0}.Debug|Any CPU.ActiveCfg = Debug|Any CPU
		{0293001D-F6A7-429A-97CA-5BE63F3AA0B0}.Debug|Any CPU.Build.0 = Debug|Any CPU
		{0293001D-F6A7-429A-97CA-5BE63F3AA0B0}.Release|Any CPU.ActiveCfg = Release|Any CPU
		{0293001D-F6A7-429A-97CA-5BE63F3AA0B0}.Release|Any CPU.Build.0 = Release|Any CPU
		{51DFF10C-56B1-4AEF-9F13-65BC9E423B5F}.Debug|Any CPU.ActiveCfg = Debug|Any CPU
		{51DFF10C-56B1-4AEF-9F13-65BC9E423B5F}.Debug|Any CPU.Build.0 = Debug|Any CPU
		{51DFF10C-56B1-4AEF-9F13-65BC9E423B5F}.Release|Any CPU.ActiveCfg = Release|Any CPU
		{51DFF10C-56B1-4AEF-9F13-65BC9E423B5F}.Release|Any CPU.Build.0 = Release|Any CPU
	EndGlobalSection
	GlobalSection(NestedProjects) = preSolution
		{359CC214-32F4-4B15-B253-0BA1E00E4664} = {B83300FF-1128-4F5B-B4B5-9660B5F6D533}
		{556B5D68-2A8A-450F-9117-A409AA1C75B0} = {B83300FF-1128-4F5B-B4B5-9660B5F6D533}
		{6823F2CB-DC4E-429A-9FA3-CA2B020B7AE7} = {B83300FF-1128-4F5B-B4B5-9660B5F6D533}
		{944B7A95-0DFA-4B2E-8911-DC338420D3CF} = {B83300FF-1128-4F5B-B4B5-9660B5F6D533}
		{0293001D-F6A7-429A-97CA-5BE63F3AA0B0} = {B83300FF-1128-4F5B-B4B5-9660B5F6D533}
		{51DFF10C-56B1-4AEF-9F13-65BC9E423B5F} = {B83300FF-1128-4F5B-B4B5-9660B5F6D533}
	EndGlobalSection
EndGlobal
