
Microsoft Visual Studio Solution File, Format Version 12.00
Project("{FAE04EC0-301F-11D3-BF4B-00C04F79EFBC}") = "Barrel", "Barrel\Barrel.csproj", "{7DDEAA02-4017-4A9D-AD00-F3B24BB621DB}"
EndProject
Global
	GlobalSection(SolutionConfigurationPlatforms) = preSolution
		Debug|Any CPU = Debug|Any CPU
		Release|Any CPU = Release|Any CPU
	EndGlobalSection
	GlobalSection(ProjectConfigurationPlatforms) = postSolution
		{7DDEAA02-4017-4A9D-AD00-F3B24BB621DB}.Debug|Any CPU.ActiveCfg = Debug|Any CPU
		{7DDEAA02-4017-4A9D-AD00-F3B24BB621DB}.Debug|Any CPU.Build.0 = Debug|Any CPU
		{7DDEAA02-4017-4A9D-AD00-F3B24BB621DB}.Release|Any CPU.ActiveCfg = Release|Any CPU
		{7DDEAA02-4017-4A9D-AD00-F3B24BB621DB}.Release|Any CPU.Build.0 = Release|Any CPU
	EndGlobalSection
EndGlobal
